
Microsoft Visual Studio Solution File, Format Version 12.00
# Visual Studio 15
VisualStudioVersion = 15.0.27428.2015
MinimumVisualStudioVersion = 10.0.40219.1
Project("{FAE04EC0-301F-11D3-BF4B-00C04F79EFBC}") = "MyEditorialConverter", "MyEditorialConverter.csproj", "{1A8E1553-2C97-40F3-982A-B3A921E14E27}"
EndProject
Global
	GlobalSection(SolutionConfigurationPlatforms) = preSolution
		Debug|Any CPU = Debug|Any CPU
		Release|Any CPU = Release|Any CPU
	EndGlobalSection
	GlobalSection(ProjectConfigurationPlatforms) = postSolution
		{1A8E1553-2C97-40F3-982A-B3A921E14E27}.Debug|Any CPU.ActiveCfg = Debug|Any CPU
		{1A8E1553-2C97-40F3-982A-B3A921E14E27}.Debug|Any CPU.Build.0 = Debug|Any CPU
		{1A8E1553-2C97-40F3-982A-B3A921E14E27}.Release|Any CPU.ActiveCfg = Release|Any CPU
		{1A8E1553-2C97-40F3-982A-B3A921E14E27}.Release|Any CPU.Build.0 = Release|Any CPU
	EndGlobalSection
	GlobalSection(SolutionProperties) = preSolution
		HideSolutionNode = FALSE
	EndGlobalSection
	GlobalSection(ExtensibilityGlobals) = postSolution
		SolutionGuid = {4E5294E3-749F-4766-A576-D7541B774E1C}
	EndGlobalSection
EndGlobal
